
Microsoft Visual Studio Solution File, Format Version 12.00
# Visual Studio Version 17
VisualStudioVersion = 17.0.31903.59
MinimumVisualStudioVersion = 10.0.40219.1
Project("{9A19103F-16F7-4668-BE54-9A1E7A4F7556}") = "CC.HelpDesk.ConsoleClient", "CC.HelpDesk.ConsoleClient\CC.HelpDesk.ConsoleClient.csproj", "{5A6844A0-89F9-41EB-947C-39BA111F45DA}"
EndProject
Project("{9A19103F-16F7-4668-BE54-9A1E7A4F7556}") = "CC.HelpDesk.Domain", "CC.HelpDesk.Domain\CC.HelpDesk.Domain.csproj", "{8C471EC9-383D-4029-B57B-F0480463A9A0}"
EndProject
Project("{9A19103F-16F7-4668-BE54-9A1E7A4F7556}") = "CC.HelpDesk.Api", "CC.HelpDesk.Api\CC.HelpDesk.Api.csproj", "{E31AFA06-920B-4980-98E9-01B1CB38BB3F}"
EndProject
Project("{9A19103F-16F7-4668-BE54-9A1E7A4F7556}") = "CC.HelpDesk.IRepositories", "CC.HelpDesk.IRepositories\CC.HelpDesk.IRepositories.csproj", "{78091B1D-355E-4844-B9EC-F93F65B9F5D3}"
EndProject
Project("{9A19103F-16F7-4668-BE54-9A1E7A4F7556}") = "CC.HelpDesk.Infrastructure", "CC.HelpDesk.InMemoryRepositories\CC.HelpDesk.Infrastructure.csproj", "{B4F286EC-6D00-43F0-A6A0-FE0860575471}"
EndProject
Project("{9A19103F-16F7-4668-BE54-9A1E7A4F7556}") = "CC.HelpDesk.ReactDotnetApp", "CC.HelpDesk.ReactDotnetApp\CC.HelpDesk.ReactDotnetApp.csproj", "{B808D8D0-6683-445B-92B5-992400F61646}"
EndProject
Project("{9A19103F-16F7-4668-BE54-9A1E7A4F7556}") = "CC.Core.Domain", "..\CC.Core\CC.Core.Domain\CC.Core.Domain.csproj", "{CE183159-DB84-4476-94E4-37EC0FCD4258}"
EndProject
Global
	GlobalSection(SolutionConfigurationPlatforms) = preSolution
		Debug|Any CPU = Debug|Any CPU
		Release|Any CPU = Release|Any CPU
	EndGlobalSection
	GlobalSection(ProjectConfigurationPlatforms) = postSolution
		{5A6844A0-89F9-41EB-947C-39BA111F45DA}.Debug|Any CPU.ActiveCfg = Debug|Any CPU
		{5A6844A0-89F9-41EB-947C-39BA111F45DA}.Debug|Any CPU.Build.0 = Debug|Any CPU
		{5A6844A0-89F9-41EB-947C-39BA111F45DA}.Release|Any CPU.ActiveCfg = Release|Any CPU
		{5A6844A0-89F9-41EB-947C-39BA111F45DA}.Release|Any CPU.Build.0 = Release|Any CPU
		{8C471EC9-383D-4029-B57B-F0480463A9A0}.Debug|Any CPU.ActiveCfg = Debug|Any CPU
		{8C471EC9-383D-4029-B57B-F0480463A9A0}.Debug|Any CPU.Build.0 = Debug|Any CPU
		{8C471EC9-383D-4029-B57B-F0480463A9A0}.Release|Any CPU.ActiveCfg = Release|Any CPU
		{8C471EC9-383D-4029-B57B-F0480463A9A0}.Release|Any CPU.Build.0 = Release|Any CPU
		{E31AFA06-920B-4980-98E9-01B1CB38BB3F}.Debug|Any CPU.ActiveCfg = Debug|Any CPU
		{E31AFA06-920B-4980-98E9-01B1CB38BB3F}.Debug|Any CPU.Build.0 = Debug|Any CPU
		{E31AFA06-920B-4980-98E9-01B1CB38BB3F}.Release|Any CPU.ActiveCfg = Release|Any CPU
		{E31AFA06-920B-4980-98E9-01B1CB38BB3F}.Release|Any CPU.Build.0 = Release|Any CPU
		{78091B1D-355E-4844-B9EC-F93F65B9F5D3}.Debug|Any CPU.ActiveCfg = Debug|Any CPU
		{78091B1D-355E-4844-B9EC-F93F65B9F5D3}.Debug|Any CPU.Build.0 = Debug|Any CPU
		{78091B1D-355E-4844-B9EC-F93F65B9F5D3}.Release|Any CPU.ActiveCfg = Release|Any CPU
		{78091B1D-355E-4844-B9EC-F93F65B9F5D3}.Release|Any CPU.Build.0 = Release|Any CPU
		{B4F286EC-6D00-43F0-A6A0-FE0860575471}.Debug|Any CPU.ActiveCfg = Debug|Any CPU
		{B4F286EC-6D00-43F0-A6A0-FE0860575471}.Debug|Any CPU.Build.0 = Debug|Any CPU
		{B4F286EC-6D00-43F0-A6A0-FE0860575471}.Release|Any CPU.ActiveCfg = Release|Any CPU
		{B4F286EC-6D00-43F0-A6A0-FE0860575471}.Release|Any CPU.Build.0 = Release|Any CPU
		{B808D8D0-6683-445B-92B5-992400F61646}.Debug|Any CPU.ActiveCfg = Debug|Any CPU
		{B808D8D0-6683-445B-92B5-992400F61646}.Debug|Any CPU.Build.0 = Debug|Any CPU
		{B808D8D0-6683-445B-92B5-992400F61646}.Release|Any CPU.ActiveCfg = Release|Any CPU
		{B808D8D0-6683-445B-92B5-992400F61646}.Release|Any CPU.Build.0 = Release|Any CPU
		{CE183159-DB84-4476-94E4-37EC0FCD4258}.Debug|Any CPU.ActiveCfg = Debug|Any CPU
		{CE183159-DB84-4476-94E4-37EC0FCD4258}.Debug|Any CPU.Build.0 = Debug|Any CPU
		{CE183159-DB84-4476-94E4-37EC0FCD4258}.Release|Any CPU.ActiveCfg = Release|Any CPU
		{CE183159-DB84-4476-94E4-37EC0FCD4258}.Release|Any CPU.Build.0 = Release|Any CPU
	EndGlobalSection
	GlobalSection(SolutionProperties) = preSolution
		HideSolutionNode = FALSE
	EndGlobalSection
	GlobalSection(ExtensibilityGlobals) = postSolution
		SolutionGuid = {F866B7C7-BFFC-4EE3-B9D7-08F22EC09A76}
	EndGlobalSection
EndGlobal
